
Microsoft Visual Studio Solution File, Format Version 12.00
# Visual Studio Version 17
VisualStudioVersion = 17.13.35818.85
MinimumVisualStudioVersion = 10.0.40219.1
Project("{FAE04EC0-301F-11D3-BF4B-00C04F79EFBC}") = "Web_API", "Web_API\Web_API.csproj", "{10183C86-135C-4260-800E-E4F0A72C106A}"
EndProject
Project("{FAE04EC0-301F-11D3-BF4B-00C04F79EFBC}") = "Repositories", "Repositories\Repositories.csproj", "{C20CCD87-DC32-485C-9F78-F977C774B79F}"
EndProject
Project("{FAE04EC0-301F-11D3-BF4B-00C04F79EFBC}") = "Services", "Services\Services.csproj", "{97EAB29B-09BF-4790-B122-2EBF7D4C7C0E}"
EndProject
Global
	GlobalSection(SolutionConfigurationPlatforms) = preSolution
		Debug|Any CPU = Debug|Any CPU
		Release|Any CPU = Release|Any CPU
	EndGlobalSection
	GlobalSection(ProjectConfigurationPlatforms) = postSolution
		{10183C86-135C-4260-800E-E4F0A72C106A}.Debug|Any CPU.ActiveCfg = Debug|Any CPU
		{10183C86-135C-4260-800E-E4F0A72C106A}.Debug|Any CPU.Build.0 = Debug|Any CPU
		{10183C86-135C-4260-800E-E4F0A72C106A}.Release|Any CPU.ActiveCfg = Release|Any CPU
		{10183C86-135C-4260-800E-E4F0A72C106A}.Release|Any CPU.Build.0 = Release|Any CPU
		{C20CCD87-DC32-485C-9F78-F977C774B79F}.Debug|Any CPU.ActiveCfg = Debug|Any CPU
		{C20CCD87-DC32-485C-9F78-F977C774B79F}.Debug|Any CPU.Build.0 = Debug|Any CPU
		{C20CCD87-DC32-485C-9F78-F977C774B79F}.Release|Any CPU.ActiveCfg = Release|Any CPU
		{C20CCD87-DC32-485C-9F78-F977C774B79F}.Release|Any CPU.Build.0 = Release|Any CPU
		{97EAB29B-09BF-4790-B122-2EBF7D4C7C0E}.Debug|Any CPU.ActiveCfg = Debug|Any CPU
		{97EAB29B-09BF-4790-B122-2EBF7D4C7C0E}.Debug|Any CPU.Build.0 = Debug|Any CPU
		{97EAB29B-09BF-4790-B122-2EBF7D4C7C0E}.Release|Any CPU.ActiveCfg = Release|Any CPU
		{97EAB29B-09BF-4790-B122-2EBF7D4C7C0E}.Release|Any CPU.Build.0 = Release|Any CPU
	EndGlobalSection
	GlobalSection(SolutionProperties) = preSolution
		HideSolutionNode = FALSE
	EndGlobalSection
	GlobalSection(ExtensibilityGlobals) = postSolution
		SolutionGuid = {72AF4D33-911C-4CF3-8726-CA55FB24BA92}
	EndGlobalSection
EndGlobal
